PODS:
  - Amplitude (8.13.0):
    - AnalyticsConnector (~> 1.0.0)
  - amplitude-react-native (2.15.0):
    - Amplitude (= 8.13.0)
    - React-Core
  - AnalyticsConnector (1.0.1)
  - ASN1Decoder (1.8.0)
  - boost (1.76.0)
  - DoubleConversion (1.1.6)
  - EASClient (0.3.0):
    - ExpoModulesCore
  - EXAppleAuthentication (4.3.0):
    - ExpoModulesCore
  - EXApplication (4.2.2):
    - ExpoModulesCore
  - EXAV (12.0.4):
    - ExpoModulesCore
    - React-runtimeexecutor
    - ReactCommon
  - EXBlur (11.2.0):
    - ExpoModulesCore
  - EXCamera (12.3.0):
    - ExpoModulesCore
  - EXConstants (13.2.4):
    - ExpoModulesCore
  - EXDevice (4.3.0):
    - ExpoModulesCore
  - EXErrorRecovery (3.2.0):
    - ExpoModulesCore
  - EXFileSystem (14.1.0):
    - ExpoModulesCore
  - EXFont (10.2.0):
    - ExpoModulesCore
  - EXImageLoader (3.2.0):
    - ExpoModulesCore
    - React-Core
  - EXJSONUtils (0.3.0)
  - EXManifests (0.3.1):
    - EXJSONUtils
  - EXMediaLibrary (14.2.0):
    - ExpoModulesCore
    - React-Core
  - EXNotifications (0.16.1):
    - ExpoModulesCore
  - Expo (46.0.6):
    - ExpoModulesCore
  - expo-dev-client (1.3.1):
    - EXManifests
    - expo-dev-launcher
    - expo-dev-menu
    - expo-dev-menu-interface
    - EXUpdatesInterface
  - expo-dev-launcher (1.3.1):
    - EXManifests
    - expo-dev-launcher/Main (= 1.3.1)
    - expo-dev-menu
    - expo-dev-menu-interface
    - ExpoModulesCore
    - EXUpdatesInterface
    - React-Core
  - expo-dev-launcher/Main (1.3.1):
    - EXManifests
    - expo-dev-launcher/Unsafe
    - expo-dev-menu
    - expo-dev-menu-interface
    - ExpoModulesCore
    - EXUpdatesInterface
    - React-Core
  - expo-dev-launcher/Unsafe (1.3.1):
    - EXManifests
    - expo-dev-menu
    - expo-dev-menu-interface
    - ExpoModulesCore
    - EXUpdatesInterface
    - React-Core
  - expo-dev-menu (1.3.1):
    - expo-dev-menu/Main (= 1.3.1)
  - expo-dev-menu-interface (0.7.2)
  - expo-dev-menu/GestureHandler (1.3.1)
  - expo-dev-menu/Main (1.3.1):
    - EXManifests
    - expo-dev-menu-interface
    - expo-dev-menu/Vendored
    - ExpoModulesCore
    - React-Core
  - expo-dev-menu/Reanimated (1.3.1):
    - DoubleConversion
    - FBLazyVector
    - FBReactNativeSpec
    - glog
    - RCT-Folly
    - RCTRequired
    - RCTTypeSafety
    - React-callinvoker
    - React-Core
    - React-Core/DevSupport
    - React-Core/RCTWebSocket
    - React-CoreModules
    - React-cxxreact
    - React-jsi
    - React-jsiexecutor
    - React-jsinspector
    - React-RCTActionSheet
    - React-RCTAnimation
    - React-RCTBlob
    - React-RCTImage
    - React-RCTLinking
    - React-RCTNetwork
    - React-RCTSettings
    - React-RCTText
    - React-RCTVibration
    - ReactCommon/turbomodule/core
    - Yoga
  - expo-dev-menu/SafeAreaView (1.3.1)
  - expo-dev-menu/Vendored (1.3.1):
    - expo-dev-menu/GestureHandler
    - expo-dev-menu/Reanimated
    - expo-dev-menu/SafeAreaView
  - ExpoClipboard (3.1.0):
    - ExpoModulesCore
  - ExpoCrypto (11.0.0):
    - ExpoModulesCore
  - ExpoHaptics (11.3.0):
    - ExpoModulesCore
  - ExpoImageManipulator (10.4.0):
    - EXImageLoader
    - ExpoModulesCore
  - ExpoImagePicker (13.3.1):
    - ExpoModulesCore
  - ExpoKeepAwake (10.2.0):
    - ExpoModulesCore
  - ExpoLinearGradient (11.4.0):
    - ExpoModulesCore
  - ExpoModulesCore (0.11.3):
    - React-Core
    - ReactCommon/turbomodule/core
  - ExpoRandom (12.3.0):
    - ExpoModulesCore
  - ExpoWebBrowser (11.0.0):
    - ExpoModulesCore
  - EXScreenOrientation (4.3.0):
    - ExpoModulesCore
    - React-Core
  - EXSecureStore (11.3.0):
    - ExpoModulesCore
  - EXSplashScreen (0.16.2):
    - ExpoModulesCore
    - React-Core
  - EXStructuredHeaders (2.2.1)
  - EXUpdates (0.14.7):
    - ASN1Decoder (~> 1.8)
    - EASClient
    - EXManifests
    - ExpoModulesCore
    - EXStructuredHeaders
    - EXUpdatesInterface
    - React-Core
  - EXUpdatesInterface (0.7.0)
  - EXVideoThumbnails (6.4.0):
    - ExpoModulesCore
  - FBLazyVector (0.69.6)
  - FBReactNativeSpec (0.69.6):
    - RCT-Folly (= 2021.06.28.00-v2)
    - RCTRequired (= 0.69.6)
    - RCTTypeSafety (= 0.69.6)
    - React-Core (= 0.69.6)
    - React-jsi (= 0.69.6)
    - ReactCommon/turbomodule/core (= 0.69.6)
  - ffmpeg-kit-ios-full-gpl (4.5.1)
  - ffmpeg-kit-react-native/full-gpl (4.5.2):
    - ffmpeg-kit-ios-full-gpl (= 4.5.1)
    - React-Core
  - fmt (6.2.1)
  - glog (0.3.5)
  - libwebp (1.2.4):
    - libwebp/demux (= 1.2.4)
    - libwebp/mux (= 1.2.4)
    - libwebp/webp (= 1.2.4)
  - libwebp/demux (1.2.4):
    - libwebp/webp
  - libwebp/mux (1.2.4):
    - libwebp/demux
  - libwebp/webp (1.2.4)
  - Mixpanel-swift (4.0.2):
    - Mixpanel-swift/Complete (= 4.0.2)
  - Mixpanel-swift/Complete (4.0.2)
  - MixpanelReactNative (2.1.0):
    - Mixpanel-swift (= 4.0.2)
    - React-Core
  - RCT-Folly (2021.06.28.00-v2):
    - boost
    - DoubleConversion
    - fmt (~> 6.2.1)
    - glog
    - RCT-Folly/Default (= 2021.06.28.00-v2)
  - RCT-Folly/Default (2021.06.28.00-v2):
    - boost
    - DoubleConversion
    - fmt (~> 6.2.1)
    - glog
  - RCTRequired (0.69.6)
  - RCTTypeSafety (0.69.6):
    - FBLazyVector (= 0.69.6)
    - RCTRequired (= 0.69.6)
    - React-Core (= 0.69.6)
  - React (0.69.6):
    - React-Core (= 0.69.6)
    - React-Core/DevSupport (= 0.69.6)
    - React-Core/RCTWebSocket (= 0.69.6)
    - React-RCTActionSheet (= 0.69.6)
    - React-RCTAnimation (= 0.69.6)
    - React-RCTBlob (= 0.69.6)
    - React-RCTImage (= 0.69.6)
    - React-RCTLinking (= 0.69.6)
    - React-RCTNetwork (= 0.69.6)
    - React-RCTSettings (= 0.69.6)
    - React-RCTText (= 0.69.6)
    - React-RCTVibration (= 0.69.6)
  - React-bridging (0.69.6):
    - RCT-Folly (= 2021.06.28.00-v2)
    - React-jsi (= 0.69.6)
  - React-callinvoker (0.69.6)
  - React-Codegen (0.69.6):
    - FBReactNativeSpec (= 0.69.6)
    - RCT-Folly (= 2021.06.28.00-v2)
    - RCTRequired (= 0.69.6)
    - RCTTypeSafety (= 0.69.6)
    - React-Core (= 0.69.6)
    - React-jsi (= 0.69.6)
    - React-jsiexecutor (= 0.69.6)
    - ReactCommon/turbomodule/core (= 0.69.6)
  - React-Core (0.69.6):
    - glog
    - RCT-Folly (= 2021.06.28.00-v2)
    - React-Core/Default (= 0.69.6)
    - React-cxxreact (= 0.69.6)
    - React-jsi (= 0.69.6)
    - React-jsiexecutor (= 0.69.6)
    - React-perflogger (= 0.69.6)
    - Yoga
  - React-Core/CoreModulesHeaders (0.69.6):
    - glog
    - RCT-Folly (= 2021.06.28.00-v2)
    - React-Core/Default
    - React-cxxreact (= 0.69.6)
    - React-jsi (= 0.69.6)
    - React-jsiexecutor (= 0.69.6)
    - React-perflogger (= 0.69.6)
    - Yoga
  - React-Core/Default (0.69.6):
    - glog
    - RCT-Folly (= 2021.06.28.00-v2)
    - React-cxxreact (= 0.69.6)
    - React-jsi (= 0.69.6)
    - React-jsiexecutor (= 0.69.6)
    - React-perflogger (= 0.69.6)
    - Yoga
  - React-Core/DevSupport (0.69.6):
    - glog
    - RCT-Folly (= 2021.06.28.00-v2)
    - React-Core/Default (= 0.69.6)
    - React-Core/RCTWebSocket (= 0.69.6)
    - React-cxxreact (= 0.69.6)
    - React-jsi (= 0.69.6)
    - React-jsiexecutor (= 0.69.6)
    - React-jsinspector (= 0.69.6)
    - React-perflogger (= 0.69.6)
    - Yoga
  - React-Core/RCTActionSheetHeaders (0.69.6):
    - glog
    - RCT-Folly (= 2021.06.28.00-v2)
    - React-Core/Default
    - React-cxxreact (= 0.69.6)
    - React-jsi (= 0.69.6)
    - React-jsiexecutor (= 0.69.6)
    - React-perflogger (= 0.69.6)
    - Yoga
  - React-Core/RCTAnimationHeaders (0.69.6):
    - glog
    - RCT-Folly (= 2021.06.28.00-v2)
    - React-Core/Default
    - React-cxxreact (= 0.69.6)
    - React-jsi (= 0.69.6)
    - React-jsiexecutor (= 0.69.6)
    - React-perflogger (= 0.69.6)
    - Yoga
  - React-Core/RCTBlobHeaders (0.69.6):
    - glog
    - RCT-Folly (= 2021.06.28.00-v2)
    - React-Core/Default
    - React-cxxreact (= 0.69.6)
    - React-jsi (= 0.69.6)
    - React-jsiexecutor (= 0.69.6)
    - React-perflogger (= 0.69.6)
    - Yoga
  - React-Core/RCTImageHeaders (0.69.6):
    - glog
    - RCT-Folly (= 2021.06.28.00-v2)
    - React-Core/Default
    - React-cxxreact (= 0.69.6)
    - React-jsi (= 0.69.6)
    - React-jsiexecutor (= 0.69.6)
    - React-perflogger (= 0.69.6)
    - Yoga
  - React-Core/RCTLinkingHeaders (0.69.6):
    - glog
    - RCT-Folly (= 2021.06.28.00-v2)
    - React-Core/Default
    - React-cxxreact (= 0.69.6)
    - React-jsi (= 0.69.6)
    - React-jsiexecutor (= 0.69.6)
    - React-perflogger (= 0.69.6)
    - Yoga
  - React-Core/RCTNetworkHeaders (0.69.6):
    - glog
    - RCT-Folly (= 2021.06.28.00-v2)
    - React-Core/Default
    - React-cxxreact (= 0.69.6)
    - React-jsi (= 0.69.6)
    - React-jsiexecutor (= 0.69.6)
    - React-perflogger (= 0.69.6)
    - Yoga
  - React-Core/RCTSettingsHeaders (0.69.6):
    - glog
    - RCT-Folly (= 2021.06.28.00-v2)
    - React-Core/Default
    - React-cxxreact (= 0.69.6)
    - React-jsi (= 0.69.6)
    - React-jsiexecutor (= 0.69.6)
    - React-perflogger (= 0.69.6)
    - Yoga
  - React-Core/RCTTextHeaders (0.69.6):
    - glog
    - RCT-Folly (= 2021.06.28.00-v2)
    - React-Core/Default
    - React-cxxreact (= 0.69.6)
    - React-jsi (= 0.69.6)
    - React-jsiexecutor (= 0.69.6)
    - React-perflogger (= 0.69.6)
    - Yoga
  - React-Core/RCTVibrationHeaders (0.69.6):
    - glog
    - RCT-Folly (= 2021.06.28.00-v2)
    - React-Core/Default
    - React-cxxreact (= 0.69.6)
    - React-jsi (= 0.69.6)
    - React-jsiexecutor (= 0.69.6)
    - React-perflogger (= 0.69.6)
    - Yoga
  - React-Core/RCTWebSocket (0.69.6):
    - glog
    - RCT-Folly (= 2021.06.28.00-v2)
    - React-Core/Default (= 0.69.6)
    - React-cxxreact (= 0.69.6)
    - React-jsi (= 0.69.6)
    - React-jsiexecutor (= 0.69.6)
    - React-perflogger (= 0.69.6)
    - Yoga
  - React-CoreModules (0.69.6):
    - RCT-Folly (= 2021.06.28.00-v2)
    - RCTTypeSafety (= 0.69.6)
    - React-Codegen (= 0.69.6)
    - React-Core/CoreModulesHeaders (= 0.69.6)
    - React-jsi (= 0.69.6)
    - React-RCTImage (= 0.69.6)
    - ReactCommon/turbomodule/core (= 0.69.6)
  - React-cxxreact (0.69.6):
    - boost (= 1.76.0)
    - DoubleConversion
    - glog
    - RCT-Folly (= 2021.06.28.00-v2)
    - React-callinvoker (= 0.69.6)
    - React-jsi (= 0.69.6)
    - React-jsinspector (= 0.69.6)
    - React-logger (= 0.69.6)
    - React-perflogger (= 0.69.6)
    - React-runtimeexecutor (= 0.69.6)
  - React-jsi (0.69.6):
    - boost (= 1.76.0)
    - DoubleConversion
    - glog
    - RCT-Folly (= 2021.06.28.00-v2)
    - React-jsi/Default (= 0.69.6)
  - React-jsi/Default (0.69.6):
    - boost (= 1.76.0)
    - DoubleConversion
    - glog
    - RCT-Folly (= 2021.06.28.00-v2)
  - React-jsiexecutor (0.69.6):
    - DoubleConversion
    - glog
    - RCT-Folly (= 2021.06.28.00-v2)
    - React-cxxreact (= 0.69.6)
    - React-jsi (= 0.69.6)
    - React-perflogger (= 0.69.6)
  - React-jsinspector (0.69.6)
  - React-logger (0.69.6):
    - glog
  - react-native-camera (4.2.1):
    - React-Core
    - react-native-camera/RCT (= 4.2.1)
    - react-native-camera/RN (= 4.2.1)
  - react-native-camera/RCT (4.2.1):
    - React-Core
  - react-native-camera/RN (4.2.1):
    - React-Core
  - react-native-get-random-values (1.8.0):
    - React-Core
  - react-native-netinfo (9.3.0):
    - React-Core
  - react-native-pager-view (5.4.24):
    - React-Core
  - react-native-safe-area-context (4.3.1):
    - RCT-Folly
    - RCTRequired
    - RCTTypeSafety
    - React
    - ReactCommon/turbomodule/core
  - react-native-view-shot (3.3.0):
    - React-Core
  - react-native-webview (11.23.0):
    - React-Core
  - React-perflogger (0.69.6)
  - React-RCTActionSheet (0.69.6):
    - React-Core/RCTActionSheetHeaders (= 0.69.6)
  - React-RCTAnimation (0.69.6):
    - RCT-Folly (= 2021.06.28.00-v2)
    - RCTTypeSafety (= 0.69.6)
    - React-Codegen (= 0.69.6)
    - React-Core/RCTAnimationHeaders (= 0.69.6)
    - React-jsi (= 0.69.6)
    - ReactCommon/turbomodule/core (= 0.69.6)
  - React-RCTBlob (0.69.6):
    - RCT-Folly (= 2021.06.28.00-v2)
    - React-Codegen (= 0.69.6)
    - React-Core/RCTBlobHeaders (= 0.69.6)
    - React-Core/RCTWebSocket (= 0.69.6)
    - React-jsi (= 0.69.6)
    - React-RCTNetwork (= 0.69.6)
    - ReactCommon/turbomodule/core (= 0.69.6)
  - React-RCTImage (0.69.6):
    - RCT-Folly (= 2021.06.28.00-v2)
    - RCTTypeSafety (= 0.69.6)
    - React-Codegen (= 0.69.6)
    - React-Core/RCTImageHeaders (= 0.69.6)
    - React-jsi (= 0.69.6)
    - React-RCTNetwork (= 0.69.6)
    - ReactCommon/turbomodule/core (= 0.69.6)
  - React-RCTLinking (0.69.6):
    - React-Codegen (= 0.69.6)
    - React-Core/RCTLinkingHeaders (= 0.69.6)
    - React-jsi (= 0.69.6)
    - ReactCommon/turbomodule/core (= 0.69.6)
  - React-RCTNetwork (0.69.6):
    - RCT-Folly (= 2021.06.28.00-v2)
    - RCTTypeSafety (= 0.69.6)
    - React-Codegen (= 0.69.6)
    - React-Core/RCTNetworkHeaders (= 0.69.6)
    - React-jsi (= 0.69.6)
    - ReactCommon/turbomodule/core (= 0.69.6)
  - React-RCTSettings (0.69.6):
    - RCT-Folly (= 2021.06.28.00-v2)
    - RCTTypeSafety (= 0.69.6)
    - React-Codegen (= 0.69.6)
    - React-Core/RCTSettingsHeaders (= 0.69.6)
    - React-jsi (= 0.69.6)
    - ReactCommon/turbomodule/core (= 0.69.6)
  - React-RCTText (0.69.6):
    - React-Core/RCTTextHeaders (= 0.69.6)
  - React-RCTVibration (0.69.6):
    - RCT-Folly (= 2021.06.28.00-v2)
    - React-Codegen (= 0.69.6)
    - React-Core/RCTVibrationHeaders (= 0.69.6)
    - React-jsi (= 0.69.6)
    - ReactCommon/turbomodule/core (= 0.69.6)
  - React-runtimeexecutor (0.69.6):
    - React-jsi (= 0.69.6)
  - ReactCommon (0.69.6):
    - React-logger (= 0.69.6)
    - ReactCommon/react_debug_core (= 0.69.6)
    - ReactCommon/turbomodule (= 0.69.6)
  - ReactCommon/react_debug_core (0.69.6):
    - React-logger (= 0.69.6)
  - ReactCommon/turbomodule (0.69.6):
    - DoubleConversion
    - glog
    - RCT-Folly (= 2021.06.28.00-v2)
    - React-bridging (= 0.69.6)
    - React-callinvoker (= 0.69.6)
    - React-Core (= 0.69.6)
    - React-cxxreact (= 0.69.6)
    - React-jsi (= 0.69.6)
    - React-logger (= 0.69.6)
    - React-perflogger (= 0.69.6)
    - ReactCommon/turbomodule/core (= 0.69.6)
    - ReactCommon/turbomodule/samples (= 0.69.6)
  - ReactCommon/turbomodule/core (0.69.6):
    - DoubleConversion
    - glog
    - RCT-Folly (= 2021.06.28.00-v2)
    - React-bridging (= 0.69.6)
    - React-callinvoker (= 0.69.6)
    - React-Core (= 0.69.6)
    - React-cxxreact (= 0.69.6)
    - React-jsi (= 0.69.6)
    - React-logger (= 0.69.6)
    - React-perflogger (= 0.69.6)
  - ReactCommon/turbomodule/samples (0.69.6):
    - DoubleConversion
    - glog
    - RCT-Folly (= 2021.06.28.00-v2)
    - React-bridging (= 0.69.6)
    - React-callinvoker (= 0.69.6)
    - React-Core (= 0.69.6)
    - React-cxxreact (= 0.69.6)
    - React-jsi (= 0.69.6)
    - React-logger (= 0.69.6)
    - React-perflogger (= 0.69.6)
    - ReactCommon/turbomodule/core (= 0.69.6)
  - RNAWSCognito (5.2.10):
    - React-Core
  - RNCAsyncStorage (1.17.9):
    - React-Core
  - RNCMaskedView (0.1.10):
    - React
  - RNFastImage (8.5.11):
    - React-Core
    - SDWebImage (~> 5.11.1)
    - SDWebImageWebPCoder (~> 0.8.4)
  - RNFlashList (1.1.0):
    - React-Core
  - RNGestureHandler (2.5.0):
    - React-Core
  - RNReanimated (2.9.1):
    - DoubleConversion
    - FBLazyVector
    - FBReactNativeSpec
    - glog
    - RCT-Folly
    - RCTRequired
    - RCTTypeSafety
    - React-callinvoker
    - React-Core
    - React-Core/DevSupport
    - React-Core/RCTWebSocket
    - React-CoreModules
    - React-cxxreact
    - React-jsi
    - React-jsiexecutor
    - React-jsinspector
    - React-RCTActionSheet
    - React-RCTAnimation
    - React-RCTBlob
    - React-RCTImage
    - React-RCTLinking
    - React-RCTNetwork
    - React-RCTSettings
    - React-RCTText
    - ReactCommon/turbomodule/core
    - Yoga
  - RNScreens (3.15.0):
    - React-Core
    - React-RCTImage
  - RNShare (8.2.2):
    - React-Core
  - RNSVG (12.3.0):
    - React-Core
  - SDWebImage (5.11.1):
    - SDWebImage/Core (= 5.11.1)
  - SDWebImage/Core (5.11.1)
  - SDWebImageWebPCoder (0.8.5):
    - libwebp (~> 1.0)
    - SDWebImage/Core (~> 5.10)
  - Yoga (1.14.0)

DEPENDENCIES:
  - "amplitude-react-native (from `../node_modules/@amplitude/react-native`)"
  - boost (from `../node_modules/react-native/third-party-podspecs/boost.podspec`)
  - DoubleConversion (from `../node_modules/react-native/third-party-podspecs/DoubleConversion.podspec`)
  - EASClient (from `../node_modules/expo-eas-client/ios`)
  - EXAppleAuthentication (from `../node_modules/expo-apple-authentication/ios`)
  - EXApplication (from `../node_modules/expo-application/ios`)
  - EXAV (from `../node_modules/expo-av/ios`)
  - EXBlur (from `../node_modules/expo-blur/ios`)
  - EXCamera (from `../node_modules/expo-camera/ios`)
  - EXConstants (from `../node_modules/expo-constants/ios`)
  - EXDevice (from `../node_modules/expo-device/ios`)
  - EXErrorRecovery (from `../node_modules/expo-error-recovery/ios`)
  - EXFileSystem (from `../node_modules/expo-file-system/ios`)
  - EXFont (from `../node_modules/expo-font/ios`)
  - EXImageLoader (from `../node_modules/expo-image-loader/ios`)
  - EXJSONUtils (from `../node_modules/expo-json-utils/ios`)
  - EXManifests (from `../node_modules/expo-manifests/ios`)
  - EXMediaLibrary (from `../node_modules/expo-media-library/ios`)
  - EXNotifications (from `../node_modules/expo-notifications/ios`)
  - Expo (from `../node_modules/expo`)
  - expo-dev-client (from `../node_modules/expo-dev-client/ios`)
  - expo-dev-launcher (from `../node_modules/expo-dev-launcher`)
  - expo-dev-menu (from `../node_modules/expo-dev-menu`)
  - expo-dev-menu-interface (from `../node_modules/expo-dev-menu-interface/ios`)
  - ExpoClipboard (from `../node_modules/expo-clipboard/ios`)
  - ExpoCrypto (from `../node_modules/expo-crypto/ios`)
  - ExpoHaptics (from `../node_modules/expo-haptics/ios`)
  - ExpoImageManipulator (from `../node_modules/expo-image-manipulator/ios`)
  - ExpoImagePicker (from `../node_modules/expo-image-picker/ios`)
  - ExpoKeepAwake (from `../node_modules/expo-keep-awake/ios`)
  - ExpoLinearGradient (from `../node_modules/expo-linear-gradient/ios`)
  - ExpoModulesCore (from `../node_modules/expo-modules-core/ios`)
  - ExpoRandom (from `../node_modules/expo-random/ios`)
  - ExpoWebBrowser (from `../node_modules/expo-web-browser/ios`)
  - EXScreenOrientation (from `../node_modules/expo-screen-orientation/ios`)
  - EXSecureStore (from `../node_modules/expo-secure-store/ios`)
  - EXSplashScreen (from `../node_modules/expo-splash-screen/ios`)
  - EXStructuredHeaders (from `../node_modules/expo-structured-headers/ios`)
  - EXUpdates (from `../node_modules/expo-updates/ios`)
  - EXUpdatesInterface (from `../node_modules/expo-updates-interface/ios`)
  - EXVideoThumbnails (from `../node_modules/expo-video-thumbnails/ios`)
  - FBLazyVector (from `../node_modules/react-native/Libraries/FBLazyVector`)
  - FBReactNativeSpec (from `../node_modules/react-native/React/FBReactNativeSpec`)
  - ffmpeg-kit-react-native/full-gpl (from `/Users/abdul.mansuri/Documents/Reelay/ReelayApp/node_modules/ffmpeg-kit-react-native/ffmpeg-kit-react-native.podspec`)
  - glog (from `../node_modules/react-native/third-party-podspecs/glog.podspec`)
  - MixpanelReactNative (from `../node_modules/mixpanel-react-native`)
  - RCT-Folly (from `../node_modules/react-native/third-party-podspecs/RCT-Folly.podspec`)
  - RCTRequired (from `../node_modules/react-native/Libraries/RCTRequired`)
  - RCTTypeSafety (from `../node_modules/react-native/Libraries/TypeSafety`)
  - React (from `../node_modules/react-native/`)
  - React-bridging (from `../node_modules/react-native/ReactCommon`)
  - React-callinvoker (from `../node_modules/react-native/ReactCommon/callinvoker`)
  - React-Codegen (from `build/generated/ios`)
  - React-Core (from `../node_modules/react-native/`)
  - React-Core/RCTWebSocket (from `../node_modules/react-native/`)
  - React-CoreModules (from `../node_modules/react-native/React/CoreModules`)
  - React-cxxreact (from `../node_modules/react-native/ReactCommon/cxxreact`)
  - React-jsi (from `../node_modules/react-native/ReactCommon/jsi`)
  - React-jsiexecutor (from `../node_modules/react-native/ReactCommon/jsiexecutor`)
  - React-jsinspector (from `../node_modules/react-native/ReactCommon/jsinspector`)
  - React-logger (from `../node_modules/react-native/ReactCommon/logger`)
  - react-native-camera (from `../node_modules/react-native-camera`)
  - react-native-get-random-values (from `../node_modules/react-native-get-random-values`)
  - "react-native-netinfo (from `../node_modules/@react-native-community/netinfo`)"
  - react-native-pager-view (from `../node_modules/react-native-pager-view`)
  - react-native-safe-area-context (from `../node_modules/react-native-safe-area-context`)
  - react-native-view-shot (from `../node_modules/react-native-view-shot`)
  - react-native-webview (from `../node_modules/react-native-webview`)
  - React-perflogger (from `../node_modules/react-native/ReactCommon/reactperflogger`)
  - React-RCTActionSheet (from `../node_modules/react-native/Libraries/ActionSheetIOS`)
  - React-RCTAnimation (from `../node_modules/react-native/Libraries/NativeAnimation`)
  - React-RCTBlob (from `../node_modules/react-native/Libraries/Blob`)
  - React-RCTImage (from `../node_modules/react-native/Libraries/Image`)
  - React-RCTLinking (from `../node_modules/react-native/Libraries/LinkingIOS`)
  - React-RCTNetwork (from `../node_modules/react-native/Libraries/Network`)
  - React-RCTSettings (from `../node_modules/react-native/Libraries/Settings`)
  - React-RCTText (from `../node_modules/react-native/Libraries/Text`)
  - React-RCTVibration (from `../node_modules/react-native/Libraries/Vibration`)
  - React-runtimeexecutor (from `../node_modules/react-native/ReactCommon/runtimeexecutor`)
  - ReactCommon/turbomodule/core (from `../node_modules/react-native/ReactCommon`)
  - RNAWSCognito (from `../node_modules/amazon-cognito-identity-js`)
  - "RNCAsyncStorage (from `../node_modules/@react-native-async-storage/async-storage`)"
  - "RNCMaskedView (from `../node_modules/@react-native-community/masked-view`)"
  - RNFastImage (from `../node_modules/react-native-fast-image`)
  - "RNFlashList (from `../node_modules/@shopify/flash-list`)"
  - RNGestureHandler (from `../node_modules/react-native-gesture-handler`)
  - RNReanimated (from `../node_modules/react-native-reanimated`)
  - RNScreens (from `../node_modules/react-native-screens`)
  - RNShare (from `../node_modules/react-native-share`)
  - RNSVG (from `../node_modules/react-native-svg`)
  - Yoga (from `../node_modules/react-native/ReactCommon/yoga`)

SPEC REPOS:
  trunk:
    - Amplitude
    - AnalyticsConnector
    - ASN1Decoder
    - ffmpeg-kit-ios-full-gpl
    - fmt
    - libwebp
    - Mixpanel-swift
    - SDWebImage
    - SDWebImageWebPCoder

EXTERNAL SOURCES:
  amplitude-react-native:
    :path: "../node_modules/@amplitude/react-native"
  boost:
    :podspec: "../node_modules/react-native/third-party-podspecs/boost.podspec"
  DoubleConversion:
    :podspec: "../node_modules/react-native/third-party-podspecs/DoubleConversion.podspec"
  EASClient:
    :path: "../node_modules/expo-eas-client/ios"
  EXAppleAuthentication:
    :path: "../node_modules/expo-apple-authentication/ios"
  EXApplication:
    :path: "../node_modules/expo-application/ios"
  EXAV:
    :path: "../node_modules/expo-av/ios"
  EXBlur:
    :path: "../node_modules/expo-blur/ios"
  EXCamera:
    :path: "../node_modules/expo-camera/ios"
  EXConstants:
    :path: "../node_modules/expo-constants/ios"
  EXDevice:
    :path: "../node_modules/expo-device/ios"
  EXErrorRecovery:
    :path: "../node_modules/expo-error-recovery/ios"
  EXFileSystem:
    :path: "../node_modules/expo-file-system/ios"
  EXFont:
    :path: "../node_modules/expo-font/ios"
  EXImageLoader:
    :path: "../node_modules/expo-image-loader/ios"
  EXJSONUtils:
    :path: "../node_modules/expo-json-utils/ios"
  EXManifests:
    :path: "../node_modules/expo-manifests/ios"
  EXMediaLibrary:
    :path: "../node_modules/expo-media-library/ios"
  EXNotifications:
    :path: "../node_modules/expo-notifications/ios"
  Expo:
    :path: "../node_modules/expo"
  expo-dev-client:
    :path: "../node_modules/expo-dev-client/ios"
  expo-dev-launcher:
    :path: "../node_modules/expo-dev-launcher"
  expo-dev-menu:
    :path: "../node_modules/expo-dev-menu"
  expo-dev-menu-interface:
    :path: "../node_modules/expo-dev-menu-interface/ios"
  ExpoClipboard:
    :path: "../node_modules/expo-clipboard/ios"
  ExpoCrypto:
    :path: "../node_modules/expo-crypto/ios"
  ExpoHaptics:
    :path: "../node_modules/expo-haptics/ios"
  ExpoImageManipulator:
    :path: "../node_modules/expo-image-manipulator/ios"
  ExpoImagePicker:
    :path: "../node_modules/expo-image-picker/ios"
  ExpoKeepAwake:
    :path: "../node_modules/expo-keep-awake/ios"
  ExpoLinearGradient:
    :path: "../node_modules/expo-linear-gradient/ios"
  ExpoModulesCore:
    :path: "../node_modules/expo-modules-core/ios"
  ExpoRandom:
    :path: "../node_modules/expo-random/ios"
  ExpoWebBrowser:
    :path: "../node_modules/expo-web-browser/ios"
  EXScreenOrientation:
    :path: "../node_modules/expo-screen-orientation/ios"
  EXSecureStore:
    :path: "../node_modules/expo-secure-store/ios"
  EXSplashScreen:
    :path: "../node_modules/expo-splash-screen/ios"
  EXStructuredHeaders:
    :path: "../node_modules/expo-structured-headers/ios"
  EXUpdates:
    :path: "../node_modules/expo-updates/ios"
  EXUpdatesInterface:
    :path: "../node_modules/expo-updates-interface/ios"
  EXVideoThumbnails:
    :path: "../node_modules/expo-video-thumbnails/ios"
  FBLazyVector:
    :path: "../node_modules/react-native/Libraries/FBLazyVector"
  FBReactNativeSpec:
    :path: "../node_modules/react-native/React/FBReactNativeSpec"
  ffmpeg-kit-react-native:
    :podspec: "/Users/abdul.mansuri/Documents/Reelay/ReelayApp/node_modules/ffmpeg-kit-react-native/ffmpeg-kit-react-native.podspec"
  glog:
    :podspec: "../node_modules/react-native/third-party-podspecs/glog.podspec"
  MixpanelReactNative:
    :path: "../node_modules/mixpanel-react-native"
  RCT-Folly:
    :podspec: "../node_modules/react-native/third-party-podspecs/RCT-Folly.podspec"
  RCTRequired:
    :path: "../node_modules/react-native/Libraries/RCTRequired"
  RCTTypeSafety:
    :path: "../node_modules/react-native/Libraries/TypeSafety"
  React:
    :path: "../node_modules/react-native/"
  React-bridging:
    :path: "../node_modules/react-native/ReactCommon"
  React-callinvoker:
    :path: "../node_modules/react-native/ReactCommon/callinvoker"
  React-Codegen:
    :path: build/generated/ios
  React-Core:
    :path: "../node_modules/react-native/"
  React-CoreModules:
    :path: "../node_modules/react-native/React/CoreModules"
  React-cxxreact:
    :path: "../node_modules/react-native/ReactCommon/cxxreact"
  React-jsi:
    :path: "../node_modules/react-native/ReactCommon/jsi"
  React-jsiexecutor:
    :path: "../node_modules/react-native/ReactCommon/jsiexecutor"
  React-jsinspector:
    :path: "../node_modules/react-native/ReactCommon/jsinspector"
  React-logger:
    :path: "../node_modules/react-native/ReactCommon/logger"
  react-native-camera:
    :path: "../node_modules/react-native-camera"
  react-native-get-random-values:
    :path: "../node_modules/react-native-get-random-values"
  react-native-netinfo:
    :path: "../node_modules/@react-native-community/netinfo"
  react-native-pager-view:
    :path: "../node_modules/react-native-pager-view"
  react-native-safe-area-context:
    :path: "../node_modules/react-native-safe-area-context"
  react-native-view-shot:
    :path: "../node_modules/react-native-view-shot"
  react-native-webview:
    :path: "../node_modules/react-native-webview"
  React-perflogger:
    :path: "../node_modules/react-native/ReactCommon/reactperflogger"
  React-RCTActionSheet:
    :path: "../node_modules/react-native/Libraries/ActionSheetIOS"
  React-RCTAnimation:
    :path: "../node_modules/react-native/Libraries/NativeAnimation"
  React-RCTBlob:
    :path: "../node_modules/react-native/Libraries/Blob"
  React-RCTImage:
    :path: "../node_modules/react-native/Libraries/Image"
  React-RCTLinking:
    :path: "../node_modules/react-native/Libraries/LinkingIOS"
  React-RCTNetwork:
    :path: "../node_modules/react-native/Libraries/Network"
  React-RCTSettings:
    :path: "../node_modules/react-native/Libraries/Settings"
  React-RCTText:
    :path: "../node_modules/react-native/Libraries/Text"
  React-RCTVibration:
    :path: "../node_modules/react-native/Libraries/Vibration"
  React-runtimeexecutor:
    :path: "../node_modules/react-native/ReactCommon/runtimeexecutor"
  ReactCommon:
    :path: "../node_modules/react-native/ReactCommon"
  RNAWSCognito:
    :path: "../node_modules/amazon-cognito-identity-js"
  RNCAsyncStorage:
    :path: "../node_modules/@react-native-async-storage/async-storage"
  RNCMaskedView:
    :path: "../node_modules/@react-native-community/masked-view"
  RNFastImage:
    :path: "../node_modules/react-native-fast-image"
  RNFlashList:
    :path: "../node_modules/@shopify/flash-list"
  RNGestureHandler:
    :path: "../node_modules/react-native-gesture-handler"
  RNReanimated:
    :path: "../node_modules/react-native-reanimated"
  RNScreens:
    :path: "../node_modules/react-native-screens"
  RNShare:
    :path: "../node_modules/react-native-share"
  RNSVG:
    :path: "../node_modules/react-native-svg"
  Yoga:
    :path: "../node_modules/react-native/ReactCommon/yoga"

SPEC CHECKSUMS:
  Amplitude: 0a239d682bc9ec1eb7a7b318af2541130ecd4bd3
  amplitude-react-native: 810f45fee51acc0d40e11f7248bc7c0e5dc9a673
  AnalyticsConnector: eccd7e1cd3dd18e6bd09ac2506e37d4ed43ba3f4
  ASN1Decoder: 6110fdeacfdb41559b1481457a1645be716610aa
  boost: a7c83b31436843459a1961bfd74b96033dc77234
  DoubleConversion: 5189b271737e1565bdce30deb4a08d647e3f5f54
  EASClient: a2581835cf9b97d0defd5d630fc6eb1bf77045e7
  EXAppleAuthentication: b9e9d8fa9b0cc5277b2121eb809cf0f57c2496a7
  EXApplication: e418d737a036e788510f2c4ad6c10a7d54d18586
  EXAV: 596506c9bee54ad52f2f3b625cdaeb9d9f2dd6b7
  EXBlur: a3556f992ca1cdf117f0e19d6e4775f3406e77c3
  EXCamera: 9f8303a52b2027e007174c2068c2ac76ff41d974
  EXConstants: 7c44785d41d8e959d527d23d29444277a4d1ee73
  EXDevice: 7647ca9b1fd8b269dfd896a7643d659343358054
  EXErrorRecovery: 74d71ee59f6814315457b09d68e86aa95cc7d05d
  EXFileSystem: 927e0a8885aa9c49e50fc38eaba2c2389f2f1019
  EXFont: a5d80bd9b3452b2d5abbce2487da89b0150e6487
  EXImageLoader: b88e053d760f85a82405b1db2de4abf11978fc9f
  EXJSONUtils: 2a74b8f40f1523cc3f92af99c91aa78201737a77
  EXManifests: b38dc61303f5eede990b4c8ecbfac32f82160e65
  EXMediaLibrary: e8c8a365701629b7b21dd29769b86e8320610f18
  EXNotifications: 9a2aa201deb19dfe1dbe0e370eeb2922de0d2422
  Expo: efd244782651dd1a73c7bd977babe19ed80e3243
  expo-dev-client: 381f39773b9fd83008fd58bf493d3a7be748752d
  expo-dev-launcher: 5a2a86276911631997b8821d278a964252bfbbf7
  expo-dev-menu: 5c8f08081eedb470fc8384195c044feba5055cec
  expo-dev-menu-interface: 27047461614aee1dc082cacc0e0f5b4c7b8edd1b
  ExpoClipboard: 7a5a26a3119bd1d0337ee065db3bf5d8a40e23a1
  ExpoCrypto: e534314db0e1a17ae12b5140d529bd0c5efcbc6a
  ExpoHaptics: efe9e68e9dfe0d15c183c0c70a25f3874124ab9e
  ExpoImageManipulator: f4e286afa83c1c618de8701b0812ee0b647895fc
  ExpoImagePicker: ca4207f2952a78e6dac2d7852d7e170dd2eaf1d0
  ExpoKeepAwake: 0e8f18142e71bbf2c7f6aa66ebed249ba1420320
  ExpoLinearGradient: 1a3af07c6dab3c612967a294836df9ae717431df
  ExpoModulesCore: 8303cc952788be09fc6eab62815d257016ae6dec
  ExpoRandom: f9f1faa299a40733867f344d6b7bfa2d1f4ab04d
  ExpoWebBrowser: 5804ac42a8269d0e534bc4461993005f72535649
  EXScreenOrientation: c309fed5399e482c6adebe14f41a7fd9001d7bde
  EXSecureStore: ac4b3c89dd5810528074d9422d5fed5a9e684467
  EXSplashScreen: 799bece80089219b2c989c1082d70f3b00995cda
  EXStructuredHeaders: 5d86829469399370a9fc7cb1e4391b09de87681d
  EXUpdates: 7a705a119c7551d50fbcdd8e3b5b414c4fefadb8
  EXUpdatesInterface: 2bbc11815dfa2ec3fc02e5534c7592c6b42b5327
  EXVideoThumbnails: 486533e1a66c9859f9b9e3b2e1f9f0b275515b48
  FBLazyVector: 739d2f9719faecb463c7aa191591af31c8c94182
  FBReactNativeSpec: 957de82f66e31f2f14bbec34e37242282fdd26de
  ffmpeg-kit-ios-full-gpl: 9eb5c2e17ba5dea1b1b83cff35b54918b683b67f
  ffmpeg-kit-react-native: bc3c900af9f761b6fe30906ee1bd98000c79f9c9
  fmt: ff9d55029c625d3757ed641535fd4a75fedc7ce9
  glog: 3d02b25ca00c2d456734d0bcff864cbc62f6ae1a
  libwebp: f62cb61d0a484ba548448a4bd52aabf150ff6eef
  Mixpanel-swift: 91fc28834402720682f4cce760e95571fbb388c3
  MixpanelReactNative: f509f0674e7f80a7a294ff5afa88ac1e8ec61640
  RCT-Folly: b9d9fe1fc70114b751c076104e52f3b1b5e5a95a
  RCTRequired: c8c080849a3670601d5c7056023a2176067a69d8
  RCTTypeSafety: 710aef40f5ae246bc5fff7e873855b17ed11c180
  React: b6bb382534be4de9d367ef3d04f92108c1768160
  React-bridging: 0fca0337cef9305026814907dd29254a833a2db7
  React-callinvoker: 700e6eb96b5f7f2fdd96d7263cd4627d2fa080ed
  React-Codegen: fd21633c4b9f47d0681bbb54b173a203963a5e4d
  React-Core: 8ec15c9727c8c01b1e4f14cad5bd21f7c1d56d49
  React-CoreModules: 79486447bf901292a83df52d4f7acbecda296723
  React-cxxreact: 9022135650dd9960a60a1361e9add424c6c37ab9
  React-jsi: 4ccb3599c422ad071e3895c5feab9b0afc40505d
  React-jsiexecutor: c61b60de03b3474e5749b8a8fd8e6507630d62c4
  React-jsinspector: eaacb698c5af7a99131bc1933806372c20222dfd
  React-logger: ebb4d31bbbe4f1a8a1a9b658d7429210b8f68160
  react-native-camera: 3eae183c1d111103963f3dd913b65d01aef8110f
  react-native-get-random-values: a6ea6a8a65dc93e96e24a11105b1a9c8cfe1d72a
  react-native-netinfo: 129bd99f607a2dc5bb096168f3e5c150fd1f1c95
  react-native-pager-view: 95d0418c3c74279840abec6926653d32447bafb6
  react-native-safe-area-context: 6c12e3859b6f27b25de4fee8201cfb858432d8de
  react-native-view-shot: da768466e1cd371de50a3a5c722d1e95456b5b2c
  react-native-webview: e771bc375f789ebfa02a26939a57dbc6fa897336
  React-perflogger: 1fb1ad5333b43a5137afd7608695f7a42c5efd27
  React-RCTActionSheet: a435bd67689433575a1e5d7614b021d2c17f0726
  React-RCTAnimation: d097c5ed2d00735958508617555abd85183b94e2
  React-RCTBlob: f43a0fceb328e1a40aa52701a4eba955635444ab
  React-RCTImage: 08f4428e931efe0eefb94443c8ca08cfb250a556
  React-RCTLinking: 3a8851e818652582f87e5a7577302e6ad7e1de3e
  React-RCTNetwork: 19f7c66b612e2336eefdfbc7ab3a9bd8ca4e21cf
  React-RCTSettings: 9324e718a865ff01e4a96be4c65923581b2d5170
  React-RCTText: 9cadcd5d982c1d25f7439f47354b1c1b75e60105
  React-RCTVibration: 285f8538386c660e6b9497e204636acd93bf7fcc
  React-runtimeexecutor: 0af71c94f968fa10015bf0119951bccd2e4d8865
  ReactCommon: fe7580b9d10f00249facf25659e0ec051320cc8a
  RNAWSCognito: 590dbcb259ec5a593b80f4d56624d386dd7b34ee
  RNCAsyncStorage: b2489b49e38c85e10ed45a888d13a2a4c7b32ea1
  RNCMaskedView: 5a8ec07677aa885546a0d98da336457e2bea557f
  RNFastImage: 1f2cab428712a4baaf78d6169eaec7f622556dd7
  RNFlashList: 031c182b95ead44fd0715f6029a744cd5e10d51f
  RNGestureHandler: bad495418bcbd3ab47017a38d93d290ebd406f50
  RNReanimated: 2cf7451318bb9cc430abeec8d67693f9cf4e039c
  RNScreens: 4a1af06327774490d97342c00aee0c2bafb497b7
  RNShare: d82e10f6b7677f4b0048c23709bd04098d5aee6c
  RNSVG: 302bfc9905bd8122f08966dc2ce2d07b7b52b9f8
  SDWebImage: a7f831e1a65eb5e285e3fb046a23fcfbf08e696d
  SDWebImageWebPCoder: 908b83b6adda48effe7667cd2b7f78c897e5111d
  Yoga: 75bf4b0131cfb46a659cd0c13309b79a6fcff66d

PODFILE CHECKSUM: aae8593dbe0395ca7f9912d18ad6d502ba379af4

COCOAPODS: 1.12.1
